
Microsoft Visual Studio Solution File, Format Version 12.00
# Visual Studio Version 17
VisualStudioVersion = 17.0.31903.59
MinimumVisualStudioVersion = 10.0.40219.1
Project("{2150E333-8FDC-42A3-9474-1A3956D46DE8}") = "src", "src", "{827E0CD3-B72D-47B6-A68D-7590B98EB39B}"
EndProject
Project("{FAE04EC0-301F-11D3-BF4B-00C04F79EFBC}") = "CatchupService.Domain", "src\CatchupService.Domain\CatchupService.Domain.csproj", "{5924140E-3484-4A19-96E6-B7FD62E47D08}"
EndProject
Project("{FAE04EC0-301F-11D3-BF4B-00C04F79EFBC}") = "CatchupService.Application", "src\CatchupService.Application\CatchupService.Application.csproj", "{108EDAE0-8B61-46BE-8874-DDB607FAB835}"
EndProject
Project("{FAE04EC0-301F-11D3-BF4B-00C04F79EFBC}") = "CatchupService.Infrastructure", "src\CatchupService.Infrastructure\CatchupService.Infrastructure.csproj", "{73F4F91B-C326-4416-8545-BC534491CDB6}"
EndProject
Project("{FAE04EC0-301F-11D3-BF4B-00C04F79EFBC}") = "CatchupService.Worker", "src\CatchupService.Worker\CatchupService.Worker.csproj", "{4C78216F-F112-4A2B-961F-548377BEF11A}"
EndProject
Project("{2150E333-8FDC-42A3-9474-1A3956D46DE8}") = "tests", "tests", "{0AB3BF05-4346-4AA6-1389-037BE0695223}"
EndProject
Project("{FAE04EC0-301F-11D3-BF4B-00C04F79EFBC}") = "CatchupService.Tests", "tests\CatchupService.Tests\CatchupService.Tests.csproj", "{ADA49AF4-A9B7-4299-9C88-ECDEB1E71DA5}"
EndProject
Global
	GlobalSection(SolutionConfigurationPlatforms) = preSolution
		Debug|Any CPU = Debug|Any CPU
		Debug|x64 = Debug|x64
		Debug|x86 = Debug|x86
		Release|Any CPU = Release|Any CPU
		Release|x64 = Release|x64
		Release|x86 = Release|x86
	EndGlobalSection
	GlobalSection(ProjectConfigurationPlatforms) = postSolution
		{5924140E-3484-4A19-96E6-B7FD62E47D08}.Debug|Any CPU.ActiveCfg = Debug|Any CPU
		{5924140E-3484-4A19-96E6-B7FD62E47D08}.Debug|Any CPU.Build.0 = Debug|Any CPU
		{5924140E-3484-4A19-96E6-B7FD62E47D08}.Debug|x64.ActiveCfg = Debug|Any CPU
		{5924140E-3484-4A19-96E6-B7FD62E47D08}.Debug|x64.Build.0 = Debug|Any CPU
		{5924140E-3484-4A19-96E6-B7FD62E47D08}.Debug|x86.ActiveCfg = Debug|Any CPU
		{5924140E-3484-4A19-96E6-B7FD62E47D08}.Debug|x86.Build.0 = Debug|Any CPU
		{5924140E-3484-4A19-96E6-B7FD62E47D08}.Release|Any CPU.ActiveCfg = Release|Any CPU
		{5924140E-3484-4A19-96E6-B7FD62E47D08}.Release|Any CPU.Build.0 = Release|Any CPU
		{5924140E-3484-4A19-96E6-B7FD62E47D08}.Release|x64.ActiveCfg = Release|Any CPU
		{5924140E-3484-4A19-96E6-B7FD62E47D08}.Release|x64.Build.0 = Release|Any CPU
		{5924140E-3484-4A19-96E6-B7FD62E47D08}.Release|x86.ActiveCfg = Release|Any CPU
		{5924140E-3484-4A19-96E6-B7FD62E47D08}.Release|x86.Build.0 = Release|Any CPU
		{108EDAE0-8B61-46BE-8874-DDB607FAB835}.Debug|Any CPU.ActiveCfg = Debug|Any CPU
		{108EDAE0-8B61-46BE-8874-DDB607FAB835}.Debug|Any CPU.Build.0 = Debug|Any CPU
		{108EDAE0-8B61-46BE-8874-DDB607FAB835}.Debug|x64.ActiveCfg = Debug|Any CPU
		{108EDAE0-8B61-46BE-8874-DDB607FAB835}.Debug|x64.Build.0 = Debug|Any CPU
		{108EDAE0-8B61-46BE-8874-DDB607FAB835}.Debug|x86.ActiveCfg = Debug|Any CPU
		{108EDAE0-8B61-46BE-8874-DDB607FAB835}.Debug|x86.Build.0 = Debug|Any CPU
		{108EDAE0-8B61-46BE-8874-DDB607FAB835}.Release|Any CPU.ActiveCfg = Release|Any CPU
		{108EDAE0-8B61-46BE-8874-DDB607FAB835}.Release|Any CPU.Build.0 = Release|Any CPU
		{108EDAE0-8B61-46BE-8874-DDB607FAB835}.Release|x64.ActiveCfg = Release|Any CPU
		{108EDAE0-8B61-46BE-8874-DDB607FAB835}.Release|x64.Build.0 = Release|Any CPU
		{108EDAE0-8B61-46BE-8874-DDB607FAB835}.Release|x86.ActiveCfg = Release|Any CPU
		{108EDAE0-8B61-46BE-8874-DDB607FAB835}.Release|x86.Build.0 = Release|Any CPU
		{73F4F91B-C326-4416-8545-BC534491CDB6}.Debug|Any CPU.ActiveCfg = Debug|Any CPU
		{73F4F91B-C326-4416-8545-BC534491CDB6}.Debug|Any CPU.Build.0 = Debug|Any CPU
		{73F4F91B-C326-4416-8545-BC534491CDB6}.Debug|x64.ActiveCfg = Debug|Any CPU
		{73F4F91B-C326-4416-8545-BC534491CDB6}.Debug|x64.Build.0 = Debug|Any CPU
		{73F4F91B-C326-4416-8545-BC534491CDB6}.Debug|x86.ActiveCfg = Debug|Any CPU
		{73F4F91B-C326-4416-8545-BC534491CDB6}.Debug|x86.Build.0 = Debug|Any CPU
		{73F4F91B-C326-4416-8545-BC534491CDB6}.Release|Any CPU.ActiveCfg = Release|Any CPU
		{73F4F91B-C326-4416-8545-BC534491CDB6}.Release|Any CPU.Build.0 = Release|Any CPU
		{73F4F91B-C326-4416-8545-BC534491CDB6}.Release|x64.ActiveCfg = Release|Any CPU
		{73F4F91B-C326-4416-8545-BC534491CDB6}.Release|x64.Build.0 = Release|Any CPU
		{73F4F91B-C326-4416-8545-BC534491CDB6}.Release|x86.ActiveCfg = Release|Any CPU
		{73F4F91B-C326-4416-8545-BC534491CDB6}.Release|x86.Build.0 = Release|Any CPU
		{4C78216F-F112-4A2B-961F-548377BEF11A}.Debug|Any CPU.ActiveCfg = Debug|Any CPU
		{4C78216F-F112-4A2B-961F-548377BEF11A}.Debug|Any CPU.Build.0 = Debug|Any CPU
		{4C78216F-F112-4A2B-961F-548377BEF11A}.Debug|x64.ActiveCfg = Debug|Any CPU
		{4C78216F-F112-4A2B-961F-548377BEF11A}.Debug|x64.Build.0 = Debug|Any CPU
		{4C78216F-F112-4A2B-961F-548377BEF11A}.Debug|x86.ActiveCfg = Debug|Any CPU
		{4C78216F-F112-4A2B-961F-548377BEF11A}.Debug|x86.Build.0 = Debug|Any CPU
		{4C78216F-F112-4A2B-961F-548377BEF11A}.Release|Any CPU.ActiveCfg = Release|Any CPU
		{4C78216F-F112-4A2B-961F-548377BEF11A}.Release|Any CPU.Build.0 = Release|Any CPU
		{4C78216F-F112-4A2B-961F-548377BEF11A}.Release|x64.ActiveCfg = Release|Any CPU
		{4C78216F-F112-4A2B-961F-548377BEF11A}.Release|x64.Build.0 = Release|Any CPU
		{4C78216F-F112-4A2B-961F-548377BEF11A}.Release|x86.ActiveCfg = Release|Any CPU
		{4C78216F-F112-4A2B-961F-548377BEF11A}.Release|x86.Build.0 = Release|Any CPU
		{ADA49AF4-A9B7-4299-9C88-ECDEB1E71DA5}.Debug|Any CPU.ActiveCfg = Debug|Any CPU
		{ADA49AF4-A9B7-4299-9C88-ECDEB1E71DA5}.Debug|Any CPU.Build.0 = Debug|Any CPU
		{ADA49AF4-A9B7-4299-9C88-ECDEB1E71DA5}.Debug|x64.ActiveCfg = Debug|Any CPU
		{ADA49AF4-A9B7-4299-9C88-ECDEB1E71DA5}.Debug|x64.Build.0 = Debug|Any CPU
		{ADA49AF4-A9B7-4299-9C88-ECDEB1E71DA5}.Debug|x86.ActiveCfg = Debug|Any CPU
		{ADA49AF4-A9B7-4299-9C88-ECDEB1E71DA5}.Debug|x86.Build.0 = Debug|Any CPU
		{ADA49AF4-A9B7-4299-9C88-ECDEB1E71DA5}.Release|Any CPU.ActiveCfg = Release|Any CPU
		{ADA49AF4-A9B7-4299-9C88-ECDEB1E71DA5}.Release|Any CPU.Build.0 = Release|Any CPU
		{ADA49AF4-A9B7-4299-9C88-ECDEB1E71DA5}.Release|x64.ActiveCfg = Release|Any CPU
		{ADA49AF4-A9B7-4299-9C88-ECDEB1E71DA5}.Release|x64.Build.0 = Release|Any CPU
		{ADA49AF4-A9B7-4299-9C88-ECDEB1E71DA5}.Release|x86.ActiveCfg = Release|Any CPU
		{ADA49AF4-A9B7-4299-9C88-ECDEB1E71DA5}.Release|x86.Build.0 = Release|Any CPU
	EndGlobalSection
	GlobalSection(SolutionProperties) = preSolution
		HideSolutionNode = FALSE
	EndGlobalSection
	GlobalSection(NestedProjects) = preSolution
		{5924140E-3484-4A19-96E6-B7FD62E47D08} = {827E0CD3-B72D-47B6-A68D-7590B98EB39B}
		{108EDAE0-8B61-46BE-8874-DDB607FAB835} = {827E0CD3-B72D-47B6-A68D-7590B98EB39B}
		{73F4F91B-C326-4416-8545-BC534491CDB6} = {827E0CD3-B72D-47B6-A68D-7590B98EB39B}
		{4C78216F-F112-4A2B-961F-548377BEF11A} = {827E0CD3-B72D-47B6-A68D-7590B98EB39B}
		{ADA49AF4-A9B7-4299-9C88-ECDEB1E71DA5} = {0AB3BF05-4346-4AA6-1389-037BE0695223}
	EndGlobalSection
EndGlobal
